
Microsoft Visual Studio Solution File, Format Version 12.00
# Visual Studio 2012
Project("{FAE04EC0-301F-11D3-BF4B-00C04F79EFBC}") = "ZLibNet", "ZLibNet\ZLibNet.csproj", "{29C1E4C3-044E-491B-B8BD-B40844860396}"
EndProject
Project("{2150E333-8FDC-42A3-9474-1A3956D46DE8}") = "Solution Items", "Solution Items", "{E1EF16C4-F182-4EAC-9070-4E80DBF6323F}"
EndProject
Global
	GlobalSection(SolutionConfigurationPlatforms) = preSolution
		Debug|Any CPU = Debug|Any CPU
		Release|Any CPU = Release|Any CPU
	EndGlobalSection
	GlobalSection(ProjectConfigurationPlatforms) = postSolution
		{29C1E4C3-044E-491B-B8BD-B40844860396}.Debug|Any CPU.ActiveCfg = Debug|Any CPU
		{29C1E4C3-044E-491B-B8BD-B40844860396}.Debug|Any CPU.Build.0 = Debug|Any CPU
		{29C1E4C3-044E-491B-B8BD-B40844860396}.Release|Any CPU.ActiveCfg = Release|Any CPU
		{29C1E4C3-044E-491B-B8BD-B40844860396}.Release|Any CPU.Build.0 = Release|Any CPU
	EndGlobalSection
	GlobalSection(NestedProjects) = preSolution
	EndGlobalSection
	GlobalSection(MonoDevelopProperties) = preSolution
		description = @WhiteCore build of AceComponents zlib.net\nRenamed to avoid confusion, March 2016
		version = 1.0.4.2
	EndGlobalSection
EndGlobal
